Microsoft Visual Studio Solution File, Format Version 12.00
# Visual Studio 2012
Project("{FAE04EC0-301F-11D3-BF4B-00C04F79EFBC}") = "New Game Project", "New Game Project.csproj", "{DCB99FAC-6C82-4B12-9A6C-B90E43B5328A}"
EndProject
Global
	GlobalSection(SolutionConfigurationPlatforms) = preSolution
	Debug|Any CPU = Debug|Any CPU
	ExportDebug|Any CPU = ExportDebug|Any CPU
	ExportRelease|Any CPU = ExportRelease|Any CPU
	EndGlobalSection
	GlobalSection(ProjectConfigurationPlatforms) = postSolution
		{DCB99FAC-6C82-4B12-9A6C-B90E43B5328A}.Debug|Any CPU.ActiveCfg = Debug|Any CPU
		{DCB99FAC-6C82-4B12-9A6C-B90E43B5328A}.Debug|Any CPU.Build.0 = Debug|Any CPU
		{DCB99FAC-6C82-4B12-9A6C-B90E43B5328A}.ExportDebug|Any CPU.ActiveCfg = ExportDebug|Any CPU
		{DCB99FAC-6C82-4B12-9A6C-B90E43B5328A}.ExportDebug|Any CPU.Build.0 = ExportDebug|Any CPU
		{DCB99FAC-6C82-4B12-9A6C-B90E43B5328A}.ExportRelease|Any CPU.ActiveCfg = ExportRelease|Any CPU
		{DCB99FAC-6C82-4B12-9A6C-B90E43B5328A}.ExportRelease|Any CPU.Build.0 = ExportRelease|Any CPU
	EndGlobalSection
EndGlobal
